
Microsoft Visual Studio Solution File, Format Version 12.00
# Visual Studio Version 17
VisualStudioVersion = 17.2.32516.85
MinimumVisualStudioVersion = 10.0.40219.1
Project("{9A19103F-16F7-4668-BE54-9A1E7A4F7556}") = "yt-gui", "yt-gui\yt-gui.csproj", "{2B236CC3-618A-4434-8ECC-937CB685DAF5}"
EndProject
Global
	GlobalSection(SolutionConfigurationPlatforms) = preSolution
		Debug|Any CPU = Debug|Any CPU
		Release|Any CPU = Release|Any CPU
	EndGlobalSection
	GlobalSection(ProjectConfigurationPlatforms) = postSolution
		{2B236CC3-618A-4434-8ECC-937CB685DAF5}.Debug|Any CPU.ActiveCfg = Debug|Any CPU
		{2B236CC3-618A-4434-8ECC-937CB685DAF5}.Debug|Any CPU.Build.0 = Debug|Any CPU
		{2B236CC3-618A-4434-8ECC-937CB685DAF5}.Release|Any CPU.ActiveCfg = Release|Any CPU
		{2B236CC3-618A-4434-8ECC-937CB685DAF5}.Release|Any CPU.Build.0 = Release|Any CPU
	EndGlobalSection
	GlobalSection(SolutionProperties) = preSolution
		HideSolutionNode = FALSE
	EndGlobalSection
	GlobalSection(ExtensibilityGlobals) = postSolution
		SolutionGuid = {8576EEB8-6ED2-487A-996E-4CD36A741BEC}
	EndGlobalSection
EndGlobal
